
Microsoft Visual Studio Solution File, Format Version 12.00
# Visual Studio Version 16
VisualStudioVersion = 16.0.32002.261
MinimumVisualStudioVersion = 10.0.40219.1
Project("{FAE04EC0-301F-11D3-BF4B-00C04F79EFBC}") = "TextToXML", "TextToXML\TextToXML.csproj", "{166FD4BA-4494-44B1-A30F-1A6FA1CFEF0B}"
EndProject
Global
	GlobalSection(SolutionConfigurationPlatforms) = preSolution
		Debug|Any CPU = Debug|Any CPU
		Release|Any CPU = Release|Any CPU
	EndGlobalSection
	GlobalSection(ProjectConfigurationPlatforms) = postSolution
		{166FD4BA-4494-44B1-A30F-1A6FA1CFEF0B}.Debug|Any CPU.ActiveCfg = Debug|Any CPU
		{166FD4BA-4494-44B1-A30F-1A6FA1CFEF0B}.Debug|Any CPU.Build.0 = Debug|Any CPU
		{166FD4BA-4494-44B1-A30F-1A6FA1CFEF0B}.Release|Any CPU.ActiveCfg = Release|Any CPU
		{166FD4BA-4494-44B1-A30F-1A6FA1CFEF0B}.Release|Any CPU.Build.0 = Release|Any CPU
	EndGlobalSection
	GlobalSection(SolutionProperties) = preSolution
		HideSolutionNode = FALSE
	EndGlobalSection
	GlobalSection(ExtensibilityGlobals) = postSolution
		SolutionGuid = {E57EB93D-1E30-4927-9D0A-DF42FA22B761}
	EndGlobalSection
EndGlobal
