
Microsoft Visual Studio Solution File, Format Version 12.00
# Visual Studio Version 16
VisualStudioVersion = 16.0.32106.194
MinimumVisualStudioVersion = 10.0.40219.1
Project("{FAE04EC0-301F-11D3-BF4B-00C04F79EFBC}") = "ATM", "ATM\ATM.csproj", "{B4A9E339-36C5-4CAD-B692-C741549B0099}"
EndProject
Project("{FAE04EC0-301F-11D3-BF4B-00C04F79EFBC}") = "TestProject1", "TestProject1\TestProject1.csproj", "{EBAAA4CE-909F-4602-911C-D60A3DD0CA6F}"
EndProject
Global
	GlobalSection(SolutionConfigurationPlatforms) = preSolution
		Debug|Any CPU = Debug|Any CPU
		Release|Any CPU = Release|Any CPU
	EndGlobalSection
	GlobalSection(ProjectConfigurationPlatforms) = postSolution
		{B4A9E339-36C5-4CAD-B692-C741549B0099}.Debug|Any CPU.ActiveCfg = Debug|Any CPU
		{B4A9E339-36C5-4CAD-B692-C741549B0099}.Debug|Any CPU.Build.0 = Debug|Any CPU
		{B4A9E339-36C5-4CAD-B692-C741549B0099}.Release|Any CPU.ActiveCfg = Release|Any CPU
		{B4A9E339-36C5-4CAD-B692-C741549B0099}.Release|Any CPU.Build.0 = Release|Any CPU
		{EBAAA4CE-909F-4602-911C-D60A3DD0CA6F}.Debug|Any CPU.ActiveCfg = Debug|Any CPU
		{EBAAA4CE-909F-4602-911C-D60A3DD0CA6F}.Debug|Any CPU.Build.0 = Debug|Any CPU
		{EBAAA4CE-909F-4602-911C-D60A3DD0CA6F}.Release|Any CPU.ActiveCfg = Release|Any CPU
		{EBAAA4CE-909F-4602-911C-D60A3DD0CA6F}.Release|Any CPU.Build.0 = Release|Any CPU
	EndGlobalSection
	GlobalSection(SolutionProperties) = preSolution
		HideSolutionNode = FALSE
	EndGlobalSection
	GlobalSection(ExtensibilityGlobals) = postSolution
		SolutionGuid = {41717E2D-1ED9-4A05-9692-7487756A54C4}
	EndGlobalSection
EndGlobal
