
Microsoft Visual Studio Solution File, Format Version 12.00
# Visual Studio Version 16
VisualStudioVersion = 16.0.31624.102
MinimumVisualStudioVersion = 10.0.40219.1
Project("{FAE04EC0-301F-11D3-BF4B-00C04F79EFBC}") = "Prestige.Biz", "Prestige.Biz\Prestige.Biz.csproj", "{14312F56-34B5-4F0A-8235-E816D2B1B8AF}"
EndProject
Project("{2150E333-8FDC-42A3-9474-1A3956D46DE8}") = "Tests", "Tests", "{C5F8468C-DF19-47BE-8D11-533EF9F92873}"
EndProject
Project("{FAE04EC0-301F-11D3-BF4B-00C04F79EFBC}") = "Prestige.BizTests", "Prestige.BizTests\Prestige.BizTests.csproj", "{890247A8-0F2B-4E17-AB7C-4B859AFF6961}"
EndProject
Project("{FAE04EC0-301F-11D3-BF4B-00C04F79EFBC}") = "Prestige.Common", "Prestige.Common\Prestige.Common.csproj", "{960265D8-C6C5-469D-8D88-3345AFE488B8}"
EndProject
Project("{FAE04EC0-301F-11D3-BF4B-00C04F79EFBC}") = "Prestige.CommonTests", "Prestige.CommonTests\Prestige.CommonTests.csproj", "{C7C61BC8-C468-4D78-AADE-9A176D6D41EA}"
EndProject
Global
	GlobalSection(SolutionConfigurationPlatforms) = preSolution
		Debug|Any CPU = Debug|Any CPU
		Release|Any CPU = Release|Any CPU
	EndGlobalSection
	GlobalSection(ProjectConfigurationPlatforms) = postSolution
		{14312F56-34B5-4F0A-8235-E816D2B1B8AF}.Debug|Any CPU.ActiveCfg = Debug|Any CPU
		{14312F56-34B5-4F0A-8235-E816D2B1B8AF}.Debug|Any CPU.Build.0 = Debug|Any CPU
		{14312F56-34B5-4F0A-8235-E816D2B1B8AF}.Release|Any CPU.ActiveCfg = Release|Any CPU
		{14312F56-34B5-4F0A-8235-E816D2B1B8AF}.Release|Any CPU.Build.0 = Release|Any CPU
		{890247A8-0F2B-4E17-AB7C-4B859AFF6961}.Debug|Any CPU.ActiveCfg = Debug|Any CPU
		{890247A8-0F2B-4E17-AB7C-4B859AFF6961}.Debug|Any CPU.Build.0 = Debug|Any CPU
		{890247A8-0F2B-4E17-AB7C-4B859AFF6961}.Release|Any CPU.ActiveCfg = Release|Any CPU
		{890247A8-0F2B-4E17-AB7C-4B859AFF6961}.Release|Any CPU.Build.0 = Release|Any CPU
		{960265D8-C6C5-469D-8D88-3345AFE488B8}.Debug|Any CPU.ActiveCfg = Debug|Any CPU
		{960265D8-C6C5-469D-8D88-3345AFE488B8}.Debug|Any CPU.Build.0 = Debug|Any CPU
		{960265D8-C6C5-469D-8D88-3345AFE488B8}.Release|Any CPU.ActiveCfg = Release|Any CPU
		{960265D8-C6C5-469D-8D88-3345AFE488B8}.Release|Any CPU.Build.0 = Release|Any CPU
		{C7C61BC8-C468-4D78-AADE-9A176D6D41EA}.Debug|Any CPU.ActiveCfg = Debug|Any CPU
		{C7C61BC8-C468-4D78-AADE-9A176D6D41EA}.Debug|Any CPU.Build.0 = Debug|Any CPU
		{C7C61BC8-C468-4D78-AADE-9A176D6D41EA}.Release|Any CPU.ActiveCfg = Release|Any CPU
		{C7C61BC8-C468-4D78-AADE-9A176D6D41EA}.Release|Any CPU.Build.0 = Release|Any CPU
	EndGlobalSection
	GlobalSection(SolutionProperties) = preSolution
		HideSolutionNode = FALSE
	EndGlobalSection
	GlobalSection(NestedProjects) = preSolution
		{890247A8-0F2B-4E17-AB7C-4B859AFF6961} = {C5F8468C-DF19-47BE-8D11-533EF9F92873}
		{C7C61BC8-C468-4D78-AADE-9A176D6D41EA} = {C5F8468C-DF19-47BE-8D11-533EF9F92873}
	EndGlobalSection
	GlobalSection(ExtensibilityGlobals) = postSolution
		SolutionGuid = {123949A2-7616-4C35-A66D-C45FE3319DFA}
	EndGlobalSection
EndGlobal
