
Microsoft Visual Studio Solution File, Format Version 12.00
# Visual Studio Version 16
VisualStudioVersion = 16.0.31911.196
MinimumVisualStudioVersion = 10.0.40219.1
Project("{FAE04EC0-301F-11D3-BF4B-00C04F79EFBC}") = "Dodo.LeagcyCode", "Dodo.LeagcyCode\Dodo.LeagcyCode.csproj", "{94F87207-0DC3-4A5B-BDA3-648B92F22FAE}"
EndProject
Project("{FAE04EC0-301F-11D3-BF4B-00C04F79EFBC}") = "Dodo.LegacyCode.WrapClass", "Dodo.LegacyCode.WrapClass\Dodo.LegacyCode.WrapClass.csproj", "{9D95E457-1B26-43E4-8710-42B4919D778E}"
EndProject
Global
	GlobalSection(SolutionConfigurationPlatforms) = preSolution
		Debug|Any CPU = Debug|Any CPU
		Release|Any CPU = Release|Any CPU
	EndGlobalSection
	GlobalSection(ProjectConfigurationPlatforms) = postSolution
		{94F87207-0DC3-4A5B-BDA3-648B92F22FAE}.Debug|Any CPU.ActiveCfg = Debug|Any CPU
		{94F87207-0DC3-4A5B-BDA3-648B92F22FAE}.Debug|Any CPU.Build.0 = Debug|Any CPU
		{94F87207-0DC3-4A5B-BDA3-648B92F22FAE}.Release|Any CPU.ActiveCfg = Release|Any CPU
		{94F87207-0DC3-4A5B-BDA3-648B92F22FAE}.Release|Any CPU.Build.0 = Release|Any CPU
		{9D95E457-1B26-43E4-8710-42B4919D778E}.Debug|Any CPU.ActiveCfg = Debug|Any CPU
		{9D95E457-1B26-43E4-8710-42B4919D778E}.Debug|Any CPU.Build.0 = Debug|Any CPU
		{9D95E457-1B26-43E4-8710-42B4919D778E}.Release|Any CPU.ActiveCfg = Release|Any CPU
		{9D95E457-1B26-43E4-8710-42B4919D778E}.Release|Any CPU.Build.0 = Release|Any CPU
	EndGlobalSection
	GlobalSection(SolutionProperties) = preSolution
		HideSolutionNode = FALSE
	EndGlobalSection
	GlobalSection(ExtensibilityGlobals) = postSolution
		SolutionGuid = {EEE05D31-1869-4554-8376-2201F1454070}
	EndGlobalSection
EndGlobal
