
Microsoft Visual Studio Solution File, Format Version 12.00
# Visual Studio Version 17
VisualStudioVersion = 17.1.32210.238
MinimumVisualStudioVersion = 10.0.40219.1
Project("{9A19103F-16F7-4668-BE54-9A1E7A4F7556}") = "WebApplication5", "WebApplication5\WebApplication5.csproj", "{49AA7F39-5333-47A8-BB95-1438CD516745}"
EndProject
Project("{FAE04EC0-301F-11D3-BF4B-00C04F79EFBC}") = "CosmosClient", "CosmosClient\CosmosClient.csproj", "{118E8926-4A10-4E73-9B71-E5F5D7DC0421}"
EndProject
Project("{FAE04EC0-301F-11D3-BF4B-00C04F79EFBC}") = "FunctionAppGetSavedTime", "FunctionAppGetSavedTime\FunctionAppGetSavedTime.csproj", "{07F955B8-95CA-40A1-A7A4-29D8B98B887C}"
EndProject
Global
	GlobalSection(SolutionConfigurationPlatforms) = preSolution
		Debug|Any CPU = Debug|Any CPU
		Release|Any CPU = Release|Any CPU
	EndGlobalSection
	GlobalSection(ProjectConfigurationPlatforms) = postSolution
		{49AA7F39-5333-47A8-BB95-1438CD516745}.Debug|Any CPU.ActiveCfg = Debug|Any CPU
		{49AA7F39-5333-47A8-BB95-1438CD516745}.Debug|Any CPU.Build.0 = Debug|Any CPU
		{49AA7F39-5333-47A8-BB95-1438CD516745}.Release|Any CPU.ActiveCfg = Release|Any CPU
		{49AA7F39-5333-47A8-BB95-1438CD516745}.Release|Any CPU.Build.0 = Release|Any CPU
		{118E8926-4A10-4E73-9B71-E5F5D7DC0421}.Debug|Any CPU.ActiveCfg = Debug|Any CPU
		{118E8926-4A10-4E73-9B71-E5F5D7DC0421}.Debug|Any CPU.Build.0 = Debug|Any CPU
		{118E8926-4A10-4E73-9B71-E5F5D7DC0421}.Release|Any CPU.ActiveCfg = Release|Any CPU
		{118E8926-4A10-4E73-9B71-E5F5D7DC0421}.Release|Any CPU.Build.0 = Release|Any CPU
		{07F955B8-95CA-40A1-A7A4-29D8B98B887C}.Debug|Any CPU.ActiveCfg = Debug|Any CPU
		{07F955B8-95CA-40A1-A7A4-29D8B98B887C}.Debug|Any CPU.Build.0 = Debug|Any CPU
		{07F955B8-95CA-40A1-A7A4-29D8B98B887C}.Release|Any CPU.ActiveCfg = Release|Any CPU
		{07F955B8-95CA-40A1-A7A4-29D8B98B887C}.Release|Any CPU.Build.0 = Release|Any CPU
	EndGlobalSection
	GlobalSection(SolutionProperties) = preSolution
		HideSolutionNode = FALSE
	EndGlobalSection
	GlobalSection(ExtensibilityGlobals) = postSolution
		SolutionGuid = {69C51C92-2793-427E-9AAC-5FDC24723AD6}
	EndGlobalSection
EndGlobal
