
Microsoft Visual Studio Solution File, Format Version 12.00
# Visual Studio Version 17
VisualStudioVersion = 17.1.32210.238
MinimumVisualStudioVersion = 10.0.40219.1
Project("{FAE04EC0-301F-11D3-BF4B-00C04F79EFBC}") = "WebApplication4", "WebApplication4\WebApplication4.csproj", "{30462FF9-EE21-43C6-99F2-AE58D8D4BE3B}"
EndProject
Global
	GlobalSection(SolutionConfigurationPlatforms) = preSolution
		Debug|Any CPU = Debug|Any CPU
		Release|Any CPU = Release|Any CPU
	EndGlobalSection
	GlobalSection(ProjectConfigurationPlatforms) = postSolution
		{30462FF9-EE21-43C6-99F2-AE58D8D4BE3B}.Debug|Any CPU.ActiveCfg = Debug|Any CPU
		{30462FF9-EE21-43C6-99F2-AE58D8D4BE3B}.Debug|Any CPU.Build.0 = Debug|Any CPU
		{30462FF9-EE21-43C6-99F2-AE58D8D4BE3B}.Release|Any CPU.ActiveCfg = Release|Any CPU
		{30462FF9-EE21-43C6-99F2-AE58D8D4BE3B}.Release|Any CPU.Build.0 = Release|Any CPU
	EndGlobalSection
	GlobalSection(SolutionProperties) = preSolution
		HideSolutionNode = FALSE
	EndGlobalSection
	GlobalSection(ExtensibilityGlobals) = postSolution
		SolutionGuid = {1F667789-4807-437C-B33A-B0C56791752D}
	EndGlobalSection
EndGlobal
