
Microsoft Visual Studio Solution File, Format Version 12.00
# Visual Studio Version 16
VisualStudioVersion = 16.0.31702.278
MinimumVisualStudioVersion = 10.0.40219.1
Project("{FAE04EC0-301F-11D3-BF4B-00C04F79EFBC}") = "UnitTestProject1", "UnitTestProject1\UnitTestProject1.csproj", "{8CAB3F46-D1D9-44DA-A408-53D9CAB257D7}"
EndProject
Project("{FAE04EC0-301F-11D3-BF4B-00C04F79EFBC}") = "Transportation", "Transportation\Transportation.csproj", "{0C8F4A84-0D22-48F5-9416-A42950B1704A}"
EndProject
Global
	GlobalSection(SolutionConfigurationPlatforms) = preSolution
		Debug|Any CPU = Debug|Any CPU
		Release|Any CPU = Release|Any CPU
	EndGlobalSection
	GlobalSection(ProjectConfigurationPlatforms) = postSolution
		{8CAB3F46-D1D9-44DA-A408-53D9CAB257D7}.Debug|Any CPU.ActiveCfg = Debug|Any CPU
		{8CAB3F46-D1D9-44DA-A408-53D9CAB257D7}.Debug|Any CPU.Build.0 = Debug|Any CPU
		{8CAB3F46-D1D9-44DA-A408-53D9CAB257D7}.Release|Any CPU.ActiveCfg = Release|Any CPU
		{8CAB3F46-D1D9-44DA-A408-53D9CAB257D7}.Release|Any CPU.Build.0 = Release|Any CPU
		{0C8F4A84-0D22-48F5-9416-A42950B1704A}.Debug|Any CPU.ActiveCfg = Debug|Any CPU
		{0C8F4A84-0D22-48F5-9416-A42950B1704A}.Debug|Any CPU.Build.0 = Debug|Any CPU
		{0C8F4A84-0D22-48F5-9416-A42950B1704A}.Release|Any CPU.ActiveCfg = Release|Any CPU
		{0C8F4A84-0D22-48F5-9416-A42950B1704A}.Release|Any CPU.Build.0 = Release|Any CPU
	EndGlobalSection
	GlobalSection(SolutionProperties) = preSolution
		HideSolutionNode = FALSE
	EndGlobalSection
	GlobalSection(ExtensibilityGlobals) = postSolution
		SolutionGuid = {DBF778FF-C156-4E90-B2DD-95AB7BF82CB8}
	EndGlobalSection
EndGlobal
