
Microsoft Visual Studio Solution File, Format Version 12.00
# Visual Studio Version 16
VisualStudioVersion = 16.0.31911.196
MinimumVisualStudioVersion = 10.0.40219.1
Project("{FAE04EC0-301F-11D3-BF4B-00C04F79EFBC}") = "WpfApp2", "WpfApp2\WpfApp2.csproj", "{75570A9F-20D9-4A92-A4C7-DA9C74A3DFCC}"
EndProject
Global
	GlobalSection(SolutionConfigurationPlatforms) = preSolution
		Debug|Any CPU = Debug|Any CPU
		Release|Any CPU = Release|Any CPU
	EndGlobalSection
	GlobalSection(ProjectConfigurationPlatforms) = postSolution
		{75570A9F-20D9-4A92-A4C7-DA9C74A3DFCC}.Debug|Any CPU.ActiveCfg = Debug|Any CPU
		{75570A9F-20D9-4A92-A4C7-DA9C74A3DFCC}.Debug|Any CPU.Build.0 = Debug|Any CPU
		{75570A9F-20D9-4A92-A4C7-DA9C74A3DFCC}.Release|Any CPU.ActiveCfg = Release|Any CPU
		{75570A9F-20D9-4A92-A4C7-DA9C74A3DFCC}.Release|Any CPU.Build.0 = Release|Any CPU
	EndGlobalSection
	GlobalSection(SolutionProperties) = preSolution
		HideSolutionNode = FALSE
	EndGlobalSection
	GlobalSection(ExtensibilityGlobals) = postSolution
		SolutionGuid = {80273836-1837-4945-8A18-CE6CE4F0D951}
	EndGlobalSection
EndGlobal
