
Microsoft Visual Studio Solution File, Format Version 12.00
# Visual Studio 14
VisualStudioVersion = 14.0.25420.1
MinimumVisualStudioVersion = 10.0.40219.1
Project("{FAE04EC0-301F-11D3-BF4B-00C04F79EFBC}") = "WinFormExample", "WinFormExample\WinFormExample.csproj", "{A7D8EF3F-7DAE-4C8F-99A7-0AAD666C171E}"
EndProject
Project("{FAE04EC0-301F-11D3-BF4B-00C04F79EFBC}") = "ToursLib", "ToursLib\ToursLib.csproj", "{9D6E3D43-BC24-4CF5-9770-79A1E8A1B9DD}"
EndProject
Project("{FAE04EC0-301F-11D3-BF4B-00C04F79EFBC}") = "WpfExample", "WpfExample\WpfExample.csproj", "{202C0745-CF61-4F3F-A85B-883CF596E43F}"
EndProject
Project("{FAE04EC0-301F-11D3-BF4B-00C04F79EFBC}") = "PhotoSharingApp.Portable", "PhotoSharingApp.Portable\PhotoSharingApp.Portable.csproj", "{F2BE2125-5344-4F5C-BF06-87E0455C5AF9}"
EndProject
Project("{FAE04EC0-301F-11D3-BF4B-00C04F79EFBC}") = "PhotoSharingApp.Universal", "PhotoSharingApp.Universal\PhotoSharingApp.Universal.csproj", "{DB2DBC6A-D86A-4D5E-871D-29951C2A603D}"
EndProject
Global
	GlobalSection(SolutionConfigurationPlatforms) = preSolution
		Debug|Any CPU = Debug|Any CPU
		Debug|ARM = Debug|ARM
		Debug|x64 = Debug|x64
		Debug|x86 = Debug|x86
		Release|Any CPU = Release|Any CPU
		Release|ARM = Release|ARM
		Release|x64 = Release|x64
		Release|x86 = Release|x86
	EndGlobalSection
	GlobalSection(ProjectConfigurationPlatforms) = postSolution
		{A7D8EF3F-7DAE-4C8F-99A7-0AAD666C171E}.Debug|Any CPU.ActiveCfg = Debug|Any CPU
		{A7D8EF3F-7DAE-4C8F-99A7-0AAD666C171E}.Debug|Any CPU.Build.0 = Debug|Any CPU
		{A7D8EF3F-7DAE-4C8F-99A7-0AAD666C171E}.Debug|ARM.ActiveCfg = Debug|Any CPU
		{A7D8EF3F-7DAE-4C8F-99A7-0AAD666C171E}.Debug|ARM.Build.0 = Debug|Any CPU
		{A7D8EF3F-7DAE-4C8F-99A7-0AAD666C171E}.Debug|x64.ActiveCfg = Debug|Any CPU
		{A7D8EF3F-7DAE-4C8F-99A7-0AAD666C171E}.Debug|x64.Build.0 = Debug|Any CPU
		{A7D8EF3F-7DAE-4C8F-99A7-0AAD666C171E}.Debug|x86.ActiveCfg = Debug|Any CPU
		{A7D8EF3F-7DAE-4C8F-99A7-0AAD666C171E}.Debug|x86.Build.0 = Debug|Any CPU
		{A7D8EF3F-7DAE-4C8F-99A7-0AAD666C171E}.Release|Any CPU.ActiveCfg = Release|Any CPU
		{A7D8EF3F-7DAE-4C8F-99A7-0AAD666C171E}.Release|Any CPU.Build.0 = Release|Any CPU
		{A7D8EF3F-7DAE-4C8F-99A7-0AAD666C171E}.Release|ARM.ActiveCfg = Release|Any CPU
		{A7D8EF3F-7DAE-4C8F-99A7-0AAD666C171E}.Release|ARM.Build.0 = Release|Any CPU
		{A7D8EF3F-7DAE-4C8F-99A7-0AAD666C171E}.Release|x64.ActiveCfg = Release|Any CPU
		{A7D8EF3F-7DAE-4C8F-99A7-0AAD666C171E}.Release|x64.Build.0 = Release|Any CPU
		{A7D8EF3F-7DAE-4C8F-99A7-0AAD666C171E}.Release|x86.ActiveCfg = Release|Any CPU
		{A7D8EF3F-7DAE-4C8F-99A7-0AAD666C171E}.Release|x86.Build.0 = Release|Any CPU
		{9D6E3D43-BC24-4CF5-9770-79A1E8A1B9DD}.Debug|Any CPU.ActiveCfg = Debug|Any CPU
		{9D6E3D43-BC24-4CF5-9770-79A1E8A1B9DD}.Debug|Any CPU.Build.0 = Debug|Any CPU
		{9D6E3D43-BC24-4CF5-9770-79A1E8A1B9DD}.Debug|ARM.ActiveCfg = Debug|Any CPU
		{9D6E3D43-BC24-4CF5-9770-79A1E8A1B9DD}.Debug|ARM.Build.0 = Debug|Any CPU
		{9D6E3D43-BC24-4CF5-9770-79A1E8A1B9DD}.Debug|x64.ActiveCfg = Debug|Any CPU
		{9D6E3D43-BC24-4CF5-9770-79A1E8A1B9DD}.Debug|x64.Build.0 = Debug|Any CPU
		{9D6E3D43-BC24-4CF5-9770-79A1E8A1B9DD}.Debug|x86.ActiveCfg = Debug|Any CPU
		{9D6E3D43-BC24-4CF5-9770-79A1E8A1B9DD}.Debug|x86.Build.0 = Debug|Any CPU
		{9D6E3D43-BC24-4CF5-9770-79A1E8A1B9DD}.Release|Any CPU.ActiveCfg = Release|Any CPU
		{9D6E3D43-BC24-4CF5-9770-79A1E8A1B9DD}.Release|Any CPU.Build.0 = Release|Any CPU
		{9D6E3D43-BC24-4CF5-9770-79A1E8A1B9DD}.Release|ARM.ActiveCfg = Release|Any CPU
		{9D6E3D43-BC24-4CF5-9770-79A1E8A1B9DD}.Release|ARM.Build.0 = Release|Any CPU
		{9D6E3D43-BC24-4CF5-9770-79A1E8A1B9DD}.Release|x64.ActiveCfg = Release|Any CPU
		{9D6E3D43-BC24-4CF5-9770-79A1E8A1B9DD}.Release|x64.Build.0 = Release|Any CPU
		{9D6E3D43-BC24-4CF5-9770-79A1E8A1B9DD}.Release|x86.ActiveCfg = Release|Any CPU
		{9D6E3D43-BC24-4CF5-9770-79A1E8A1B9DD}.Release|x86.Build.0 = Release|Any CPU
		{202C0745-CF61-4F3F-A85B-883CF596E43F}.Debug|Any CPU.ActiveCfg = Debug|Any CPU
		{202C0745-CF61-4F3F-A85B-883CF596E43F}.Debug|Any CPU.Build.0 = Debug|Any CPU
		{202C0745-CF61-4F3F-A85B-883CF596E43F}.Debug|ARM.ActiveCfg = Debug|Any CPU
		{202C0745-CF61-4F3F-A85B-883CF596E43F}.Debug|ARM.Build.0 = Debug|Any CPU
		{202C0745-CF61-4F3F-A85B-883CF596E43F}.Debug|x64.ActiveCfg = Debug|Any CPU
		{202C0745-CF61-4F3F-A85B-883CF596E43F}.Debug|x64.Build.0 = Debug|Any CPU
		{202C0745-CF61-4F3F-A85B-883CF596E43F}.Debug|x86.ActiveCfg = Debug|Any CPU
		{202C0745-CF61-4F3F-A85B-883CF596E43F}.Debug|x86.Build.0 = Debug|Any CPU
		{202C0745-CF61-4F3F-A85B-883CF596E43F}.Release|Any CPU.ActiveCfg = Release|Any CPU
		{202C0745-CF61-4F3F-A85B-883CF596E43F}.Release|Any CPU.Build.0 = Release|Any CPU
		{202C0745-CF61-4F3F-A85B-883CF596E43F}.Release|ARM.ActiveCfg = Release|Any CPU
		{202C0745-CF61-4F3F-A85B-883CF596E43F}.Release|ARM.Build.0 = Release|Any CPU
		{202C0745-CF61-4F3F-A85B-883CF596E43F}.Release|x64.ActiveCfg = Release|Any CPU
		{202C0745-CF61-4F3F-A85B-883CF596E43F}.Release|x64.Build.0 = Release|Any CPU
		{202C0745-CF61-4F3F-A85B-883CF596E43F}.Release|x86.ActiveCfg = Release|Any CPU
		{202C0745-CF61-4F3F-A85B-883CF596E43F}.Release|x86.Build.0 = Release|Any CPU
		{F2BE2125-5344-4F5C-BF06-87E0455C5AF9}.Debug|Any CPU.ActiveCfg = Debug|Any CPU
		{F2BE2125-5344-4F5C-BF06-87E0455C5AF9}.Debug|Any CPU.Build.0 = Debug|Any CPU
		{F2BE2125-5344-4F5C-BF06-87E0455C5AF9}.Debug|ARM.ActiveCfg = Debug|ARM
		{F2BE2125-5344-4F5C-BF06-87E0455C5AF9}.Debug|ARM.Build.0 = Debug|ARM
		{F2BE2125-5344-4F5C-BF06-87E0455C5AF9}.Debug|x64.ActiveCfg = Debug|x64
		{F2BE2125-5344-4F5C-BF06-87E0455C5AF9}.Debug|x64.Build.0 = Debug|x64
		{F2BE2125-5344-4F5C-BF06-87E0455C5AF9}.Debug|x86.ActiveCfg = Debug|x86
		{F2BE2125-5344-4F5C-BF06-87E0455C5AF9}.Debug|x86.Build.0 = Debug|x86
		{F2BE2125-5344-4F5C-BF06-87E0455C5AF9}.Release|Any CPU.ActiveCfg = Release|Any CPU
		{F2BE2125-5344-4F5C-BF06-87E0455C5AF9}.Release|Any CPU.Build.0 = Release|Any CPU
		{F2BE2125-5344-4F5C-BF06-87E0455C5AF9}.Release|ARM.ActiveCfg = Release|ARM
		{F2BE2125-5344-4F5C-BF06-87E0455C5AF9}.Release|ARM.Build.0 = Release|ARM
		{F2BE2125-5344-4F5C-BF06-87E0455C5AF9}.Release|x64.ActiveCfg = Release|x64
		{F2BE2125-5344-4F5C-BF06-87E0455C5AF9}.Release|x64.Build.0 = Release|x64
		{F2BE2125-5344-4F5C-BF06-87E0455C5AF9}.Release|x86.ActiveCfg = Release|x86
		{F2BE2125-5344-4F5C-BF06-87E0455C5AF9}.Release|x86.Build.0 = Release|x86
		{DB2DBC6A-D86A-4D5E-871D-29951C2A603D}.Debug|Any CPU.ActiveCfg = Debug|Any CPU
		{DB2DBC6A-D86A-4D5E-871D-29951C2A603D}.Debug|Any CPU.Build.0 = Debug|Any CPU
		{DB2DBC6A-D86A-4D5E-871D-29951C2A603D}.Debug|Any CPU.Deploy.0 = Debug|Any CPU
		{DB2DBC6A-D86A-4D5E-871D-29951C2A603D}.Debug|ARM.ActiveCfg = Debug|ARM
		{DB2DBC6A-D86A-4D5E-871D-29951C2A603D}.Debug|ARM.Build.0 = Debug|ARM
		{DB2DBC6A-D86A-4D5E-871D-29951C2A603D}.Debug|ARM.Deploy.0 = Debug|ARM
		{DB2DBC6A-D86A-4D5E-871D-29951C2A603D}.Debug|x64.ActiveCfg = Debug|x64
		{DB2DBC6A-D86A-4D5E-871D-29951C2A603D}.Debug|x64.Build.0 = Debug|x64
		{DB2DBC6A-D86A-4D5E-871D-29951C2A603D}.Debug|x64.Deploy.0 = Debug|x64
		{DB2DBC6A-D86A-4D5E-871D-29951C2A603D}.Debug|x86.ActiveCfg = Debug|x86
		{DB2DBC6A-D86A-4D5E-871D-29951C2A603D}.Debug|x86.Build.0 = Debug|x86
		{DB2DBC6A-D86A-4D5E-871D-29951C2A603D}.Debug|x86.Deploy.0 = Debug|x86
		{DB2DBC6A-D86A-4D5E-871D-29951C2A603D}.Release|Any CPU.ActiveCfg = Release|Any CPU
		{DB2DBC6A-D86A-4D5E-871D-29951C2A603D}.Release|Any CPU.Build.0 = Release|Any CPU
		{DB2DBC6A-D86A-4D5E-871D-29951C2A603D}.Release|Any CPU.Deploy.0 = Release|Any CPU
		{DB2DBC6A-D86A-4D5E-871D-29951C2A603D}.Release|ARM.ActiveCfg = Release|ARM
		{DB2DBC6A-D86A-4D5E-871D-29951C2A603D}.Release|ARM.Build.0 = Release|ARM
		{DB2DBC6A-D86A-4D5E-871D-29951C2A603D}.Release|ARM.Deploy.0 = Release|ARM
		{DB2DBC6A-D86A-4D5E-871D-29951C2A603D}.Release|x64.ActiveCfg = Release|x64
		{DB2DBC6A-D86A-4D5E-871D-29951C2A603D}.Release|x64.Build.0 = Release|x64
		{DB2DBC6A-D86A-4D5E-871D-29951C2A603D}.Release|x64.Deploy.0 = Release|x64
		{DB2DBC6A-D86A-4D5E-871D-29951C2A603D}.Release|x86.ActiveCfg = Release|x86
		{DB2DBC6A-D86A-4D5E-871D-29951C2A603D}.Release|x86.Build.0 = Release|x86
		{DB2DBC6A-D86A-4D5E-871D-29951C2A603D}.Release|x86.Deploy.0 = Release|x86
	EndGlobalSection
	GlobalSection(SolutionProperties) = preSolution
		HideSolutionNode = FALSE
	EndGlobalSection
EndGlobal
