
Microsoft Visual Studio Solution File, Format Version 12.00
# Visual Studio Version 17
VisualStudioVersion = 17.1.31911.260
MinimumVisualStudioVersion = 10.0.40219.1
Project("{FAE04EC0-301F-11D3-BF4B-00C04F79EFBC}") = "Part1", "Part1\Part1.csproj", "{0257CEAE-6A56-412F-AD9C-512ED91BDF8F}"
EndProject
Project("{FAE04EC0-301F-11D3-BF4B-00C04F79EFBC}") = "TestProject1", "TestProject1\TestProject1.csproj", "{54368890-B7A0-44E9-8500-FFEBF76BCD70}"
EndProject
Global
	GlobalSection(SolutionConfigurationPlatforms) = preSolution
		Debug|Any CPU = Debug|Any CPU
		Release|Any CPU = Release|Any CPU
	EndGlobalSection
	GlobalSection(ProjectConfigurationPlatforms) = postSolution
		{0257CEAE-6A56-412F-AD9C-512ED91BDF8F}.Debug|Any CPU.ActiveCfg = Debug|Any CPU
		{0257CEAE-6A56-412F-AD9C-512ED91BDF8F}.Debug|Any CPU.Build.0 = Debug|Any CPU
		{0257CEAE-6A56-412F-AD9C-512ED91BDF8F}.Release|Any CPU.ActiveCfg = Release|Any CPU
		{0257CEAE-6A56-412F-AD9C-512ED91BDF8F}.Release|Any CPU.Build.0 = Release|Any CPU
		{54368890-B7A0-44E9-8500-FFEBF76BCD70}.Debug|Any CPU.ActiveCfg = Debug|Any CPU
		{54368890-B7A0-44E9-8500-FFEBF76BCD70}.Debug|Any CPU.Build.0 = Debug|Any CPU
		{54368890-B7A0-44E9-8500-FFEBF76BCD70}.Release|Any CPU.ActiveCfg = Release|Any CPU
		{54368890-B7A0-44E9-8500-FFEBF76BCD70}.Release|Any CPU.Build.0 = Release|Any CPU
	EndGlobalSection
	GlobalSection(SolutionProperties) = preSolution
		HideSolutionNode = FALSE
	EndGlobalSection
	GlobalSection(ExtensibilityGlobals) = postSolution
		SolutionGuid = {681D29C9-7E2D-4CAA-95F8-9435D28773D7}
	EndGlobalSection
EndGlobal
