
Microsoft Visual Studio Solution File, Format Version 12.00
# Visual Studio Version 17
VisualStudioVersion = 17.1.31903.286
MinimumVisualStudioVersion = 10.0.40219.1
Project("{FAE04EC0-301F-11D3-BF4B-00C04F79EFBC}") = "MessagePrintServicePackage", "MessagePrintServicePackage\MessagePrintServicePackage.csproj", "{127199B1-AAC9-4F4A-A251-E2FBF0E66E5A}"
EndProject
Global
	GlobalSection(SolutionConfigurationPlatforms) = preSolution
		Debug|Any CPU = Debug|Any CPU
		Release|Any CPU = Release|Any CPU
	EndGlobalSection
	GlobalSection(ProjectConfigurationPlatforms) = postSolution
		{127199B1-AAC9-4F4A-A251-E2FBF0E66E5A}.Debug|Any CPU.ActiveCfg = Debug|Any CPU
		{127199B1-AAC9-4F4A-A251-E2FBF0E66E5A}.Debug|Any CPU.Build.0 = Debug|Any CPU
		{127199B1-AAC9-4F4A-A251-E2FBF0E66E5A}.Release|Any CPU.ActiveCfg = Release|Any CPU
		{127199B1-AAC9-4F4A-A251-E2FBF0E66E5A}.Release|Any CPU.Build.0 = Release|Any CPU
	EndGlobalSection
	GlobalSection(SolutionProperties) = preSolution
		HideSolutionNode = FALSE
	EndGlobalSection
	GlobalSection(ExtensibilityGlobals) = postSolution
		SolutionGuid = {B438E9CB-CFD0-454E-A64C-6261908DD3DA}
	EndGlobalSection
EndGlobal
