
Microsoft Visual Studio Solution File, Format Version 12.00
# Visual Studio Version 16
VisualStudioVersion = 16.0.31729.503
MinimumVisualStudioVersion = 10.0.40219.1
Project("{FAE04EC0-301F-11D3-BF4B-00C04F79EFBC}") = "UseLetterBox", "UseLetterBox\UseLetterBox.csproj", "{99BE01E5-729B-4B71-8B89-7AD9ACEED65C}"
EndProject
Project("{FAE04EC0-301F-11D3-BF4B-00C04F79EFBC}") = "WpfControlLibrary1", "WpfControlLibrary1\WpfControlLibrary1.csproj", "{279AFF99-488D-4698-8FA0-F000DCEFB577}"
EndProject
Global
	GlobalSection(SolutionConfigurationPlatforms) = preSolution
		Debug|Any CPU = Debug|Any CPU
		Release|Any CPU = Release|Any CPU
	EndGlobalSection
	GlobalSection(ProjectConfigurationPlatforms) = postSolution
		{99BE01E5-729B-4B71-8B89-7AD9ACEED65C}.Debug|Any CPU.ActiveCfg = Debug|Any CPU
		{99BE01E5-729B-4B71-8B89-7AD9ACEED65C}.Debug|Any CPU.Build.0 = Debug|Any CPU
		{99BE01E5-729B-4B71-8B89-7AD9ACEED65C}.Release|Any CPU.ActiveCfg = Release|Any CPU
		{99BE01E5-729B-4B71-8B89-7AD9ACEED65C}.Release|Any CPU.Build.0 = Release|Any CPU
		{279AFF99-488D-4698-8FA0-F000DCEFB577}.Debug|Any CPU.ActiveCfg = Debug|Any CPU
		{279AFF99-488D-4698-8FA0-F000DCEFB577}.Debug|Any CPU.Build.0 = Debug|Any CPU
		{279AFF99-488D-4698-8FA0-F000DCEFB577}.Release|Any CPU.ActiveCfg = Release|Any CPU
		{279AFF99-488D-4698-8FA0-F000DCEFB577}.Release|Any CPU.Build.0 = Release|Any CPU
	EndGlobalSection
	GlobalSection(SolutionProperties) = preSolution
		HideSolutionNode = FALSE
	EndGlobalSection
	GlobalSection(ExtensibilityGlobals) = postSolution
		SolutionGuid = {3D99C060-F8FC-46A5-812E-64B60629A2E0}
	EndGlobalSection
EndGlobal
