
Microsoft Visual Studio Solution File, Format Version 12.00
# Visual Studio Version 17
VisualStudioVersion = 17.0.31825.309
MinimumVisualStudioVersion = 10.0.40219.1
Project("{FAE04EC0-301F-11D3-BF4B-00C04F79EFBC}") = "UnitTestProject1", "UnitTestProject1\UnitTestProject1.csproj", "{1913256F-60D5-48FF-94CE-100807A500EE}"
EndProject
Project("{FAE04EC0-301F-11D3-BF4B-00C04F79EFBC}") = "Logic", "Logic\Logic.csproj", "{C93D475C-4DAE-4C1D-936C-CA753015645E}"
EndProject
Global
	GlobalSection(SolutionConfigurationPlatforms) = preSolution
		Debug|Any CPU = Debug|Any CPU
		Release|Any CPU = Release|Any CPU
	EndGlobalSection
	GlobalSection(ProjectConfigurationPlatforms) = postSolution
		{1913256F-60D5-48FF-94CE-100807A500EE}.Debug|Any CPU.ActiveCfg = Debug|Any CPU
		{1913256F-60D5-48FF-94CE-100807A500EE}.Debug|Any CPU.Build.0 = Debug|Any CPU
		{1913256F-60D5-48FF-94CE-100807A500EE}.Release|Any CPU.ActiveCfg = Release|Any CPU
		{1913256F-60D5-48FF-94CE-100807A500EE}.Release|Any CPU.Build.0 = Release|Any CPU
		{C93D475C-4DAE-4C1D-936C-CA753015645E}.Debug|Any CPU.ActiveCfg = Debug|Any CPU
		{C93D475C-4DAE-4C1D-936C-CA753015645E}.Debug|Any CPU.Build.0 = Debug|Any CPU
		{C93D475C-4DAE-4C1D-936C-CA753015645E}.Release|Any CPU.ActiveCfg = Release|Any CPU
		{C93D475C-4DAE-4C1D-936C-CA753015645E}.Release|Any CPU.Build.0 = Release|Any CPU
	EndGlobalSection
	GlobalSection(SolutionProperties) = preSolution
		HideSolutionNode = FALSE
	EndGlobalSection
	GlobalSection(ExtensibilityGlobals) = postSolution
		SolutionGuid = {5BBBEAC2-0132-44B3-A846-989CEC26A54A}
	EndGlobalSection
EndGlobal
