
Microsoft Visual Studio Solution File, Format Version 12.00
# Visual Studio Version 17
VisualStudioVersion = 17.0.31825.309
MinimumVisualStudioVersion = 10.0.40219.1
Project("{FAE04EC0-301F-11D3-BF4B-00C04F79EFBC}") = "CompositeDesignPattern", "CompositeDesignPattern\CompositeDesignPattern.csproj", "{7EB03690-6B44-43A7-993F-939F72D2E88F}"
EndProject
Global
	GlobalSection(SolutionConfigurationPlatforms) = preSolution
		Debug|Any CPU = Debug|Any CPU
		Release|Any CPU = Release|Any CPU
	EndGlobalSection
	GlobalSection(ProjectConfigurationPlatforms) = postSolution
		{7EB03690-6B44-43A7-993F-939F72D2E88F}.Debug|Any CPU.ActiveCfg = Debug|Any CPU
		{7EB03690-6B44-43A7-993F-939F72D2E88F}.Debug|Any CPU.Build.0 = Debug|Any CPU
		{7EB03690-6B44-43A7-993F-939F72D2E88F}.Release|Any CPU.ActiveCfg = Release|Any CPU
		{7EB03690-6B44-43A7-993F-939F72D2E88F}.Release|Any CPU.Build.0 = Release|Any CPU
	EndGlobalSection
	GlobalSection(SolutionProperties) = preSolution
		HideSolutionNode = FALSE
	EndGlobalSection
	GlobalSection(ExtensibilityGlobals) = postSolution
		SolutionGuid = {93D5CA9E-C6BF-422F-928C-5A36DAAC4A28}
	EndGlobalSection
EndGlobal
